# THIS IS AN AUTOGENERATED FILE. DO NOT EDIT THIS FILE DIRECTLY.
# yarn lockfile v1


"@vant/weapp@^1.6.8":
  version "1.6.8"
  resolved "https://registry.nlark.com/@vant/weapp/download/@vant/weapp-1.6.8.tgz?cache=0&sync_timestamp=1621675734969&other_urls=https%3A%2F%2Fregistry.nlark.com%2F%40vant%2Fweapp%2Fdownload%2F%40vant%2Fweapp-1.6.8.tgz#948ae16fba07c5a2054c52783f22aaf6a04453e1"
  integrity sha1-lIrhb7oHxaIFTFJ4PyKq9qBEU+E=

ms@^2.0.0:
  version "2.1.3"
  resolved "https://registry.npm.taobao.org/ms/download/ms-2.1.3.tgz?cache=0&sync_timestamp=1607433842694&other_urls=https%3A%2F%2Fregistry.npm.taobao.org%2Fms%2Fdownload%2Fms-2.1.3.tgz#574c8138ce1d2b5861f0b44579dbadd60c6615b2"
  integrity sha1-V0yBOM4dK1hh8LRFedut1gxmFbI=

nsevent@^0.0.2:
  version "0.0.2"
  resolved "https://registry.nlark.com/nsevent/download/nsevent-0.0.2.tgz#f3c285add52dfa875cfe40da7acd012cbc0f73e1"
  integrity sha1-88KFrdUt+odc/kDaes0BLLwPc+E=
  dependencies:
    ms "^2.0.0"
